
Microsoft Visual Studio Solution File, Format Version 11.00
# Visual Studio 2010
Project("{FAE04EC0-301F-11D3-BF4B-00C04F79EFBC}") = "Assembly-CSharp", "Assembly-CSharp.csproj", "{b89b252d-40d3-e143-4140-505854e5cd82}"
EndProject
Project("{FAE04EC0-301F-11D3-BF4B-00C04F79EFBC}") = "Assembly-CSharp-Editor", "Assembly-CSharp-Editor.csproj", "{5c989a22-8823-ba1a-de0f-baf557586026}"
EndProject
Global
	GlobalSection(SolutionConfigurationPlatforms) = preSolution
		Debug|Any CPU = Debug|Any CPU
	EndGlobalSection
	GlobalSection(ProjectConfigurationPlatforms) = postSolution
		{b89b252d-40d3-e143-4140-505854e5cd82}.Debug|Any CPU.ActiveCfg = Debug|Any CPU
		{b89b252d-40d3-e143-4140-505854e5cd82}.Debug|Any CPU.Build.0 = Debug|Any CPU
		{5c989a22-8823-ba1a-de0f-baf557586026}.Debug|Any CPU.ActiveCfg = Debug|Any CPU
		{5c989a22-8823-ba1a-de0f-baf557586026}.Debug|Any CPU.Build.0 = Debug|Any CPU
	EndGlobalSection
	GlobalSection(SolutionProperties) = preSolution
		HideSolutionNode = FALSE
	EndGlobalSection
EndGlobal
